
Microsoft Visual Studio Solution File, Format Version 12.00
# Visual Studio Version 17
VisualStudioVersion = 17.0.32014.148
MinimumVisualStudioVersion = 10.0.40219.1
Project("{FAE04EC0-301F-11D3-BF4B-00C04F79EFBC}") = "singleapplication", "singleapplication.csproj", "{172980D0-BD65-4640-ABD2-C7D48001C592}"
EndProject
Global
	GlobalSection(SolutionConfigurationPlatforms) = preSolution
		Debug|Any CPU = Debug|Any CPU
		Release|Any CPU = Release|Any CPU
	EndGlobalSection
	GlobalSection(ProjectConfigurationPlatforms) = postSolution
		{172980D0-BD65-4640-ABD2-C7D48001C592}.Debug|Any CPU.ActiveCfg = Debug|Any CPU
		{172980D0-BD65-4640-ABD2-C7D48001C592}.Debug|Any CPU.Build.0 = Debug|Any CPU
		{172980D0-BD65-4640-ABD2-C7D48001C592}.Release|Any CPU.ActiveCfg = Release|Any CPU
		{172980D0-BD65-4640-ABD2-C7D48001C592}.Release|Any CPU.Build.0 = Release|Any CPU
	EndGlobalSection
	GlobalSection(SolutionProperties) = preSolution
		HideSolutionNode = FALSE
	EndGlobalSection
	GlobalSection(ExtensibilityGlobals) = postSolution
		SolutionGuid = {22CF65A5-35DE-4E2B-B699-DF9905B73D01}
	EndGlobalSection
EndGlobal
